
Microsoft Visual Studio Solution File, Format Version 12.00
# Visual Studio Version 17
VisualStudioVersion = 17.0.31919.166
MinimumVisualStudioVersion = 10.0.40219.1
Project("{9A19103F-16F7-4668-BE54-9A1E7A4F7556}") = "Panama", "Panama\Panama.csproj", "{BC941EC5-4FC6-4C01-945B-A83D031C5CD2}"
EndProject
Project("{9A19103F-16F7-4668-BE54-9A1E7A4F7556}") = "Panama.Canal", "Panama.Canal\Panama.Canal.csproj", "{54B83AEA-DE78-4F46-8E52-8949990FBB65}"
EndProject
Project("{9A19103F-16F7-4668-BE54-9A1E7A4F7556}") = "Panama.Canal.MySQL", "Panama.Canal.MySQL\Panama.Canal.MySQL.csproj", "{D21E65E9-2F05-4435-B897-F44EE5CD7D15}"
EndProject
Project("{9A19103F-16F7-4668-BE54-9A1E7A4F7556}") = "Panama.Tests", "Panama.Tests\Panama.Tests.csproj", "{79D90681-9EA4-405A-B402-AFE9878AE9F5}"
EndProject
Project("{9A19103F-16F7-4668-BE54-9A1E7A4F7556}") = "Panama.TestApi", "Panama.TestApi\Panama.TestApi.csproj", "{D8D42C8E-0685-4FCF-BDAF-56840E8219A1}"
EndProject
Project("{9A19103F-16F7-4668-BE54-9A1E7A4F7556}") = "Panama.Canal.RabbitMQ", "Panama.Canal.RabbitMQ\Panama.Canal.RabbitMQ.csproj", "{2F9C0200-C4C8-47AE-BCDC-0E84BB5E024E}"
EndProject
Project("{9A19103F-16F7-4668-BE54-9A1E7A4F7556}") = "Panama.Tests.SQLServer", "Panama.Tests.SQLServer\Panama.Tests.SQLServer.csproj", "{D345AB63-7FAE-4DF2-AEF0-2C88C182F2B2}"
EndProject
Project("{9A19103F-16F7-4668-BE54-9A1E7A4F7556}") = "Panama.Canal.Tests", "Panama.Canal.Tests\Panama.Canal.Tests.csproj", "{A6D0D087-01BC-4420-8AF0-C8B613AC8EB3}"
EndProject
Project("{9A19103F-16F7-4668-BE54-9A1E7A4F7556}") = "Panama.Canal.Tests.MySQL", "Panama.Canal.Tests.MySQL\Panama.Canal.Tests.MySQL.csproj", "{330C336F-4057-4D30-97E2-0D4C27690D84}"
EndProject
Project("{FAE04EC0-301F-11D3-BF4B-00C04F79EFBC}") = "Panama.Canal.Tests.RabbitMQ", "Panama.Canal.Tests.RabbitMQ\Panama.Canal.Tests.RabbitMQ.csproj", "{457F5084-530A-415E-966F-A057BFC100EE}"
EndProject
Global
	GlobalSection(SolutionConfigurationPlatforms) = preSolution
		Debug|Any CPU = Debug|Any CPU
		Release|Any CPU = Release|Any CPU
	EndGlobalSection
	GlobalSection(ProjectConfigurationPlatforms) = postSolution
		{BC941EC5-4FC6-4C01-945B-A83D031C5CD2}.Debug|Any CPU.ActiveCfg = Debug|Any CPU
		{BC941EC5-4FC6-4C01-945B-A83D031C5CD2}.Debug|Any CPU.Build.0 = Debug|Any CPU
		{BC941EC5-4FC6-4C01-945B-A83D031C5CD2}.Release|Any CPU.ActiveCfg = Release|Any CPU
		{BC941EC5-4FC6-4C01-945B-A83D031C5CD2}.Release|Any CPU.Build.0 = Release|Any CPU
		{54B83AEA-DE78-4F46-8E52-8949990FBB65}.Debug|Any CPU.ActiveCfg = Debug|Any CPU
		{54B83AEA-DE78-4F46-8E52-8949990FBB65}.Debug|Any CPU.Build.0 = Debug|Any CPU
		{54B83AEA-DE78-4F46-8E52-8949990FBB65}.Release|Any CPU.ActiveCfg = Release|Any CPU
		{54B83AEA-DE78-4F46-8E52-8949990FBB65}.Release|Any CPU.Build.0 = Release|Any CPU
		{D21E65E9-2F05-4435-B897-F44EE5CD7D15}.Debug|Any CPU.ActiveCfg = Debug|Any CPU
		{D21E65E9-2F05-4435-B897-F44EE5CD7D15}.Debug|Any CPU.Build.0 = Debug|Any CPU
		{D21E65E9-2F05-4435-B897-F44EE5CD7D15}.Release|Any CPU.ActiveCfg = Release|Any CPU
		{D21E65E9-2F05-4435-B897-F44EE5CD7D15}.Release|Any CPU.Build.0 = Release|Any CPU
		{79D90681-9EA4-405A-B402-AFE9878AE9F5}.Debug|Any CPU.ActiveCfg = Debug|Any CPU
		{79D90681-9EA4-405A-B402-AFE9878AE9F5}.Debug|Any CPU.Build.0 = Debug|Any CPU
		{79D90681-9EA4-405A-B402-AFE9878AE9F5}.Release|Any CPU.ActiveCfg = Release|Any CPU
		{79D90681-9EA4-405A-B402-AFE9878AE9F5}.Release|Any CPU.Build.0 = Release|Any CPU
		{D8D42C8E-0685-4FCF-BDAF-56840E8219A1}.Debug|Any CPU.ActiveCfg = Debug|Any CPU
		{D8D42C8E-0685-4FCF-BDAF-56840E8219A1}.Debug|Any CPU.Build.0 = Debug|Any CPU
		{D8D42C8E-0685-4FCF-BDAF-56840E8219A1}.Release|Any CPU.ActiveCfg = Release|Any CPU
		{D8D42C8E-0685-4FCF-BDAF-56840E8219A1}.Release|Any CPU.Build.0 = Release|Any CPU
		{2F9C0200-C4C8-47AE-BCDC-0E84BB5E024E}.Debug|Any CPU.ActiveCfg = Debug|Any CPU
		{2F9C0200-C4C8-47AE-BCDC-0E84BB5E024E}.Debug|Any CPU.Build.0 = Debug|Any CPU
		{2F9C0200-C4C8-47AE-BCDC-0E84BB5E024E}.Release|Any CPU.ActiveCfg = Release|Any CPU
		{2F9C0200-C4C8-47AE-BCDC-0E84BB5E024E}.Release|Any CPU.Build.0 = Release|Any CPU
		{D345AB63-7FAE-4DF2-AEF0-2C88C182F2B2}.Debug|Any CPU.ActiveCfg = Debug|Any CPU
		{D345AB63-7FAE-4DF2-AEF0-2C88C182F2B2}.Debug|Any CPU.Build.0 = Debug|Any CPU
		{D345AB63-7FAE-4DF2-AEF0-2C88C182F2B2}.Release|Any CPU.ActiveCfg = Release|Any CPU
		{D345AB63-7FAE-4DF2-AEF0-2C88C182F2B2}.Release|Any CPU.Build.0 = Release|Any CPU
		{A6D0D087-01BC-4420-8AF0-C8B613AC8EB3}.Debug|Any CPU.ActiveCfg = Debug|Any CPU
		{A6D0D087-01BC-4420-8AF0-C8B613AC8EB3}.Debug|Any CPU.Build.0 = Debug|Any CPU
		{A6D0D087-01BC-4420-8AF0-C8B613AC8EB3}.Release|Any CPU.ActiveCfg = Release|Any CPU
		{A6D0D087-01BC-4420-8AF0-C8B613AC8EB3}.Release|Any CPU.Build.0 = Release|Any CPU
		{330C336F-4057-4D30-97E2-0D4C27690D84}.Debug|Any CPU.ActiveCfg = Debug|Any CPU
		{330C336F-4057-4D30-97E2-0D4C27690D84}.Debug|Any CPU.Build.0 = Debug|Any CPU
		{330C336F-4057-4D30-97E2-0D4C27690D84}.Release|Any CPU.ActiveCfg = Release|Any CPU
		{330C336F-4057-4D30-97E2-0D4C27690D84}.Release|Any CPU.Build.0 = Release|Any CPU
		{457F5084-530A-415E-966F-A057BFC100EE}.Debug|Any CPU.ActiveCfg = Debug|Any CPU
		{457F5084-530A-415E-966F-A057BFC100EE}.Debug|Any CPU.Build.0 = Debug|Any CPU
		{457F5084-530A-415E-966F-A057BFC100EE}.Release|Any CPU.ActiveCfg = Release|Any CPU
		{457F5084-530A-415E-966F-A057BFC100EE}.Release|Any CPU.Build.0 = Release|Any CPU
	EndGlobalSection
	GlobalSection(SolutionProperties) = preSolution
		HideSolutionNode = FALSE
	EndGlobalSection
	GlobalSection(ExtensibilityGlobals) = postSolution
		SolutionGuid = {FB49E1E0-AFFB-438A-9309-0BEF89DAE8F0}
	EndGlobalSection
EndGlobal
