
Microsoft Visual Studio Solution File, Format Version 12.00
# Visual Studio Version 16
VisualStudioVersion = 16.0.28803.352
MinimumVisualStudioVersion = 10.0.40219.1
Project("{9A19103F-16F7-4668-BE54-9A1E7A4F7556}") = "Panama.Core", "Panama\Panama.Core.csproj", "{005CE007-CFD8-4D57-BEA6-E94CC05474A4}"
EndProject
Project("{9A19103F-16F7-4668-BE54-9A1E7A4F7556}") = "Panama.Core.Security", "Panama.Security\Panama.Core.Security.csproj", "{7FD635D4-9C1D-438A-8C05-614C2A66F50D}"
EndProject
Project("{9A19103F-16F7-4668-BE54-9A1E7A4F7556}") = "Panama.Core.IoC.Autofac", "Panama.IoC.Autofac\Panama.Core.IoC.Autofac.csproj", "{8676834F-8565-4189-8AEF-BD5B83D411BC}"
EndProject
Project("{9A19103F-16F7-4668-BE54-9A1E7A4F7556}") = "Panama.Core.IoC.Ninject", "Panama.IoC.Ninject\Panama.Core.IoC.Ninject.csproj", "{3D96ED36-8E08-4BFD-AD07-A7AA1EE612B0}"
EndProject
Project("{9A19103F-16F7-4668-BE54-9A1E7A4F7556}") = "Panama.Core.Jobs.Quartz", "Panama.Jobs.Quartz\Panama.Core.Jobs.Quartz.csproj", "{556AB4A7-FE14-45AE-B8DD-4DE8413B996B}"
EndProject
Project("{9A19103F-16F7-4668-BE54-9A1E7A4F7556}") = "Panama.Core.Sql.Dapper", "Panama.Sql.Dapper\Panama.Core.Sql.Dapper.csproj", "{9AE9CE0A-1180-4240-87B1-F295648108D9}"
EndProject
Project("{9A19103F-16F7-4668-BE54-9A1E7A4F7556}") = "Panama.Core.Logger.Nlog", "Panama.Logger.Nlog\Panama.Core.Logger.Nlog.csproj", "{FC0226BE-F46B-4704-B4CC-FF525CBE7147}"
EndProject
Project("{9A19103F-16F7-4668-BE54-9A1E7A4F7556}") = "Panama.Core.MySql.Dapper", "Panama.MySql.Dapper\Panama.Core.MySql.Dapper.csproj", "{2312D4C9-06F8-49EF-83EB-2AC81336CE92}"
EndProject
Project("{9A19103F-16F7-4668-BE54-9A1E7A4F7556}") = "Panama.Core.Tests", "Panama.Core.Tests\Panama.Core.Tests.csproj", "{8F37003C-2B9F-462B-801A-D106E930C772}"
EndProject
Project("{FAE04EC0-301F-11D3-BF4B-00C04F79EFBC}") = "Panama.SqlServer.Dapper", "Panama.SqlServer.Dapper\Panama.SqlServer.Dapper.csproj", "{5265CA5C-B283-4E48-BF8E-A66789635460}"
EndProject
Global
	GlobalSection(SolutionConfigurationPlatforms) = preSolution
		Debug|Any CPU = Debug|Any CPU
		Release|Any CPU = Release|Any CPU
	EndGlobalSection
	GlobalSection(ProjectConfigurationPlatforms) = postSolution
		{005CE007-CFD8-4D57-BEA6-E94CC05474A4}.Debug|Any CPU.ActiveCfg = Debug|Any CPU
		{005CE007-CFD8-4D57-BEA6-E94CC05474A4}.Debug|Any CPU.Build.0 = Debug|Any CPU
		{005CE007-CFD8-4D57-BEA6-E94CC05474A4}.Release|Any CPU.ActiveCfg = Release|Any CPU
		{005CE007-CFD8-4D57-BEA6-E94CC05474A4}.Release|Any CPU.Build.0 = Release|Any CPU
		{7FD635D4-9C1D-438A-8C05-614C2A66F50D}.Debug|Any CPU.ActiveCfg = Debug|Any CPU
		{7FD635D4-9C1D-438A-8C05-614C2A66F50D}.Debug|Any CPU.Build.0 = Debug|Any CPU
		{7FD635D4-9C1D-438A-8C05-614C2A66F50D}.Release|Any CPU.ActiveCfg = Release|Any CPU
		{7FD635D4-9C1D-438A-8C05-614C2A66F50D}.Release|Any CPU.Build.0 = Release|Any CPU
		{8676834F-8565-4189-8AEF-BD5B83D411BC}.Debug|Any CPU.ActiveCfg = Debug|Any CPU
		{8676834F-8565-4189-8AEF-BD5B83D411BC}.Debug|Any CPU.Build.0 = Debug|Any CPU
		{8676834F-8565-4189-8AEF-BD5B83D411BC}.Release|Any CPU.ActiveCfg = Release|Any CPU
		{8676834F-8565-4189-8AEF-BD5B83D411BC}.Release|Any CPU.Build.0 = Release|Any CPU
		{3D96ED36-8E08-4BFD-AD07-A7AA1EE612B0}.Debug|Any CPU.ActiveCfg = Debug|Any CPU
		{3D96ED36-8E08-4BFD-AD07-A7AA1EE612B0}.Debug|Any CPU.Build.0 = Debug|Any CPU
		{3D96ED36-8E08-4BFD-AD07-A7AA1EE612B0}.Release|Any CPU.ActiveCfg = Release|Any CPU
		{3D96ED36-8E08-4BFD-AD07-A7AA1EE612B0}.Release|Any CPU.Build.0 = Release|Any CPU
		{556AB4A7-FE14-45AE-B8DD-4DE8413B996B}.Debug|Any CPU.ActiveCfg = Debug|Any CPU
		{556AB4A7-FE14-45AE-B8DD-4DE8413B996B}.Debug|Any CPU.Build.0 = Debug|Any CPU
		{556AB4A7-FE14-45AE-B8DD-4DE8413B996B}.Release|Any CPU.ActiveCfg = Release|Any CPU
		{556AB4A7-FE14-45AE-B8DD-4DE8413B996B}.Release|Any CPU.Build.0 = Release|Any CPU
		{9AE9CE0A-1180-4240-87B1-F295648108D9}.Debug|Any CPU.ActiveCfg = Debug|Any CPU
		{9AE9CE0A-1180-4240-87B1-F295648108D9}.Debug|Any CPU.Build.0 = Debug|Any CPU
		{9AE9CE0A-1180-4240-87B1-F295648108D9}.Release|Any CPU.ActiveCfg = Release|Any CPU
		{9AE9CE0A-1180-4240-87B1-F295648108D9}.Release|Any CPU.Build.0 = Release|Any CPU
		{FC0226BE-F46B-4704-B4CC-FF525CBE7147}.Debug|Any CPU.ActiveCfg = Debug|Any CPU
		{FC0226BE-F46B-4704-B4CC-FF525CBE7147}.Debug|Any CPU.Build.0 = Debug|Any CPU
		{FC0226BE-F46B-4704-B4CC-FF525CBE7147}.Release|Any CPU.ActiveCfg = Release|Any CPU
		{FC0226BE-F46B-4704-B4CC-FF525CBE7147}.Release|Any CPU.Build.0 = Release|Any CPU
		{2312D4C9-06F8-49EF-83EB-2AC81336CE92}.Debug|Any CPU.ActiveCfg = Debug|Any CPU
		{2312D4C9-06F8-49EF-83EB-2AC81336CE92}.Debug|Any CPU.Build.0 = Debug|Any CPU
		{2312D4C9-06F8-49EF-83EB-2AC81336CE92}.Release|Any CPU.ActiveCfg = Release|Any CPU
		{2312D4C9-06F8-49EF-83EB-2AC81336CE92}.Release|Any CPU.Build.0 = Release|Any CPU
		{8F37003C-2B9F-462B-801A-D106E930C772}.Debug|Any CPU.ActiveCfg = Debug|Any CPU
		{8F37003C-2B9F-462B-801A-D106E930C772}.Debug|Any CPU.Build.0 = Debug|Any CPU
		{8F37003C-2B9F-462B-801A-D106E930C772}.Release|Any CPU.ActiveCfg = Release|Any CPU
		{8F37003C-2B9F-462B-801A-D106E930C772}.Release|Any CPU.Build.0 = Release|Any CPU
		{5265CA5C-B283-4E48-BF8E-A66789635460}.Debug|Any CPU.ActiveCfg = Debug|Any CPU
		{5265CA5C-B283-4E48-BF8E-A66789635460}.Debug|Any CPU.Build.0 = Debug|Any CPU
		{5265CA5C-B283-4E48-BF8E-A66789635460}.Release|Any CPU.ActiveCfg = Release|Any CPU
		{5265CA5C-B283-4E48-BF8E-A66789635460}.Release|Any CPU.Build.0 = Release|Any CPU
	EndGlobalSection
	GlobalSection(SolutionProperties) = preSolution
		HideSolutionNode = FALSE
	EndGlobalSection
	GlobalSection(ExtensibilityGlobals) = postSolution
		SolutionGuid = {FB49E1E0-AFFB-438A-9309-0BEF89DAE8F0}
	EndGlobalSection
EndGlobal
